
Microsoft Visual Studio Solution File, Format Version 12.00
# Visual Studio 15
VisualStudioVersion = 15.0.28307.168
MinimumVisualStudioVersion = 10.0.40219.1
Project("{FAE04EC0-301F-11D3-BF4B-00C04F79EFBC}") = "Hello", "Hello\Hello.csproj", "{3BD5463F-82F1-40B5-BF73-23E258AC45B0}"
EndProject
Project("{FAE04EC0-301F-11D3-BF4B-00C04F79EFBC}") = "StudentDiary", "StudentDiary\StudentDiary.csproj", "{510A8264-1E4D-442D-BCDD-9EC2ABD69EC0}"
EndProject
Global
	GlobalSection(SolutionConfigurationPlatforms) = preSolution
		Debug|Any CPU = Debug|Any CPU
		Release|Any CPU = Release|Any CPU
	EndGlobalSection
	GlobalSection(ProjectConfigurationPlatforms) = postSolution
		{3BD5463F-82F1-40B5-BF73-23E258AC45B0}.Debug|Any CPU.ActiveCfg = Debug|Any CPU
		{3BD5463F-82F1-40B5-BF73-23E258AC45B0}.Debug|Any CPU.Build.0 = Debug|Any CPU
		{3BD5463F-82F1-40B5-BF73-23E258AC45B0}.Release|Any CPU.ActiveCfg = Release|Any CPU
		{3BD5463F-82F1-40B5-BF73-23E258AC45B0}.Release|Any CPU.Build.0 = Release|Any CPU
		{510A8264-1E4D-442D-BCDD-9EC2ABD69EC0}.Debug|Any CPU.ActiveCfg = Debug|Any CPU
		{510A8264-1E4D-442D-BCDD-9EC2ABD69EC0}.Debug|Any CPU.Build.0 = Debug|Any CPU
		{510A8264-1E4D-442D-BCDD-9EC2ABD69EC0}.Release|Any CPU.ActiveCfg = Release|Any CPU
		{510A8264-1E4D-442D-BCDD-9EC2ABD69EC0}.Release|Any CPU.Build.0 = Release|Any CPU
	EndGlobalSection
	GlobalSection(SolutionProperties) = preSolution
		HideSolutionNode = FALSE
	EndGlobalSection
	GlobalSection(ExtensibilityGlobals) = postSolution
		SolutionGuid = {19AEF179-32B9-489E-8CC3-CF5FC87CB26C}
	EndGlobalSection
EndGlobal
